
Microsoft Visual Studio Solution File, Format Version 12.00
# Visual Studio Version 17
VisualStudioVersion = 17.1.32414.318
MinimumVisualStudioVersion = 10.0.40219.1
Project("{9A19103F-16F7-4668-BE54-9A1E7A4F7556}") = "IDAProject.Web.Db", "IDAProject.Web.Db\IDAProject.Web.Db.csproj", "{D500EDDF-681C-4A62-9A98-058DF526BF89}"
EndProject
Project("{9A19103F-16F7-4668-BE54-9A1E7A4F7556}") = "IDAProject.Web.Models", "IDAProject.Web.Models\IDAProject.Web.Models.csproj", "{BAB75749-7DEB-487D-B3A0-C2A06FF83853}"
EndProject
Project("{9A19103F-16F7-4668-BE54-9A1E7A4F7556}") = "IDAProject.Web.Api", "IDAProject.Web.Api\IDAProject.Web.Api.csproj", "{0487F2CC-3284-434F-8BF0-199DEE0550DF}"
EndProject
Project("{9A19103F-16F7-4668-BE54-9A1E7A4F7556}") = "IDAProject.Web.Api.Ioc", "IDAProject.Web.Api.Ioc\IDAProject.Web.Api.Ioc.csproj", "{D9D5EEDE-BBB6-4690-B5B5-334F924EC808}"
EndProject
Project("{9A19103F-16F7-4668-BE54-9A1E7A4F7556}") = "IDAProject.Web.Api.Repositories", "IDAProject.Web.Api.Repositories\IDAProject.Web.Api.Repositories.csproj", "{AE29D114-58A8-4050-A7C9-BFB204439BC1}"
EndProject
Project("{9A19103F-16F7-4668-BE54-9A1E7A4F7556}") = "IDAProject.Web.Api.Managers", "IDAProject.Web.Api.Managers\IDAProject.Web.Api.Managers.csproj", "{475C479D-0D5F-47EF-B762-63A7E91001D8}"
EndProject
Project("{9A19103F-16F7-4668-BE54-9A1E7A4F7556}") = "IDAProject.Web.Admin", "IDAProject.Web.Admin\IDAProject.Web.Admin.csproj", "{576F5651-E78D-4604-94B8-9A0E655D6651}"
EndProject
Project("{2150E333-8FDC-42A3-9474-1A3956D46DE8}") = "Common", "Common", "{0587B9D7-6277-4CD1-8F5D-34D8575334FE}"
EndProject
Project("{2150E333-8FDC-42A3-9474-1A3956D46DE8}") = "Api", "Api", "{335017ED-9C22-4379-97F3-62D8FD85E23D}"
EndProject
Project("{2150E333-8FDC-42A3-9474-1A3956D46DE8}") = "Admin", "Admin", "{53829F90-758F-4898-8982-F00B9B686A0A}"
EndProject
Project("{9A19103F-16F7-4668-BE54-9A1E7A4F7556}") = "IDAProject.Web.Admin.Ioc", "IDAProject.Web.Admin.Ioc\IDAProject.Web.Admin.Ioc.csproj", "{52EE51F5-0338-4293-92F1-D58FDC8EE08C}"
EndProject
Project("{9A19103F-16F7-4668-BE54-9A1E7A4F7556}") = "IDAProject.Web.Helpers", "IDAProject.Web.Helpers\IDAProject.Web.Helpers.csproj", "{FEFA9963-4002-4BF8-A0DA-EEB919B68939}"
EndProject
Project("{9A19103F-16F7-4668-BE54-9A1E7A4F7556}") = "IDAProject.Web.Admin.Managers", "IDAProject.Web.Admin.Managers\IDAProject.Web.Admin.Managers.csproj", "{2E260CD7-1527-4365-80A9-0B29827F2857}"
EndProject
Project("{9A19103F-16F7-4668-BE54-9A1E7A4F7556}") = "IDAProject.Web.Api.Models", "IDAProject.Web.Api.Models\IDAProject.Web.Api.Models.csproj", "{55812946-6E06-45DC-A294-B99E7D065620}"
EndProject
Project("{9A19103F-16F7-4668-BE54-9A1E7A4F7556}") = "IDAProject.Web.Admin.Models", "IDAProject.Web.Admin.Models\IDAProject.Web.Admin.Models.csproj", "{BF694DB1-E6E4-4981-BDBE-08EC4B28726B}"
EndProject
Project("{9A19103F-16F7-4668-BE54-9A1E7A4F7556}") = "IDAProject.Web.Api.Reports", "IDAProject.Web.Api.Reports\IDAProject.Web.Api.Reports.csproj", "{FE20C7D7-E59B-4BBA-BB36-5B8A4F5C6A4E}"
EndProject
Global
	GlobalSection(SolutionConfigurationPlatforms) = preSolution
		Debug|Any CPU = Debug|Any CPU
		Release|Any CPU = Release|Any CPU
	EndGlobalSection
	GlobalSection(ProjectConfigurationPlatforms) = postSolution
		{D500EDDF-681C-4A62-9A98-058DF526BF89}.Debug|Any CPU.ActiveCfg = Debug|Any CPU
		{D500EDDF-681C-4A62-9A98-058DF526BF89}.Debug|Any CPU.Build.0 = Debug|Any CPU
		{D500EDDF-681C-4A62-9A98-058DF526BF89}.Release|Any CPU.ActiveCfg = Release|Any CPU
		{D500EDDF-681C-4A62-9A98-058DF526BF89}.Release|Any CPU.Build.0 = Release|Any CPU
		{BAB75749-7DEB-487D-B3A0-C2A06FF83853}.Debug|Any CPU.ActiveCfg = Debug|Any CPU
		{BAB75749-7DEB-487D-B3A0-C2A06FF83853}.Debug|Any CPU.Build.0 = Debug|Any CPU
		{BAB75749-7DEB-487D-B3A0-C2A06FF83853}.Release|Any CPU.ActiveCfg = Release|Any CPU
		{BAB75749-7DEB-487D-B3A0-C2A06FF83853}.Release|Any CPU.Build.0 = Release|Any CPU
		{0487F2CC-3284-434F-8BF0-199DEE0550DF}.Debug|Any CPU.ActiveCfg = Debug|Any CPU
		{0487F2CC-3284-434F-8BF0-199DEE0550DF}.Debug|Any CPU.Build.0 = Debug|Any CPU
		{0487F2CC-3284-434F-8BF0-199DEE0550DF}.Release|Any CPU.ActiveCfg = Release|Any CPU
		{0487F2CC-3284-434F-8BF0-199DEE0550DF}.Release|Any CPU.Build.0 = Release|Any CPU
		{D9D5EEDE-BBB6-4690-B5B5-334F924EC808}.Debug|Any CPU.ActiveCfg = Debug|Any CPU
		{D9D5EEDE-BBB6-4690-B5B5-334F924EC808}.Debug|Any CPU.Build.0 = Debug|Any CPU
		{D9D5EEDE-BBB6-4690-B5B5-334F924EC808}.Release|Any CPU.ActiveCfg = Release|Any CPU
		{D9D5EEDE-BBB6-4690-B5B5-334F924EC808}.Release|Any CPU.Build.0 = Release|Any CPU
		{AE29D114-58A8-4050-A7C9-BFB204439BC1}.Debug|Any CPU.ActiveCfg = Debug|Any CPU
		{AE29D114-58A8-4050-A7C9-BFB204439BC1}.Debug|Any CPU.Build.0 = Debug|Any CPU
		{AE29D114-58A8-4050-A7C9-BFB204439BC1}.Release|Any CPU.ActiveCfg = Release|Any CPU
		{AE29D114-58A8-4050-A7C9-BFB204439BC1}.Release|Any CPU.Build.0 = Release|Any CPU
		{475C479D-0D5F-47EF-B762-63A7E91001D8}.Debug|Any CPU.ActiveCfg = Debug|Any CPU
		{475C479D-0D5F-47EF-B762-63A7E91001D8}.Debug|Any CPU.Build.0 = Debug|Any CPU
		{475C479D-0D5F-47EF-B762-63A7E91001D8}.Release|Any CPU.ActiveCfg = Release|Any CPU
		{475C479D-0D5F-47EF-B762-63A7E91001D8}.Release|Any CPU.Build.0 = Release|Any CPU
		{576F5651-E78D-4604-94B8-9A0E655D6651}.Debug|Any CPU.ActiveCfg = Debug|Any CPU
		{576F5651-E78D-4604-94B8-9A0E655D6651}.Debug|Any CPU.Build.0 = Debug|Any CPU
		{576F5651-E78D-4604-94B8-9A0E655D6651}.Release|Any CPU.ActiveCfg = Release|Any CPU
		{576F5651-E78D-4604-94B8-9A0E655D6651}.Release|Any CPU.Build.0 = Release|Any CPU
		{52EE51F5-0338-4293-92F1-D58FDC8EE08C}.Debug|Any CPU.ActiveCfg = Debug|Any CPU
		{52EE51F5-0338-4293-92F1-D58FDC8EE08C}.Debug|Any CPU.Build.0 = Debug|Any CPU
		{52EE51F5-0338-4293-92F1-D58FDC8EE08C}.Release|Any CPU.ActiveCfg = Release|Any CPU
		{52EE51F5-0338-4293-92F1-D58FDC8EE08C}.Release|Any CPU.Build.0 = Release|Any CPU
		{FEFA9963-4002-4BF8-A0DA-EEB919B68939}.Debug|Any CPU.ActiveCfg = Debug|Any CPU
		{FEFA9963-4002-4BF8-A0DA-EEB919B68939}.Debug|Any CPU.Build.0 = Debug|Any CPU
		{FEFA9963-4002-4BF8-A0DA-EEB919B68939}.Release|Any CPU.ActiveCfg = Release|Any CPU
		{FEFA9963-4002-4BF8-A0DA-EEB919B68939}.Release|Any CPU.Build.0 = Release|Any CPU
		{2E260CD7-1527-4365-80A9-0B29827F2857}.Debug|Any CPU.ActiveCfg = Debug|Any CPU
		{2E260CD7-1527-4365-80A9-0B29827F2857}.Debug|Any CPU.Build.0 = Debug|Any CPU
		{2E260CD7-1527-4365-80A9-0B29827F2857}.Release|Any CPU.ActiveCfg = Release|Any CPU
		{2E260CD7-1527-4365-80A9-0B29827F2857}.Release|Any CPU.Build.0 = Release|Any CPU
		{55812946-6E06-45DC-A294-B99E7D065620}.Debug|Any CPU.ActiveCfg = Debug|Any CPU
		{55812946-6E06-45DC-A294-B99E7D065620}.Debug|Any CPU.Build.0 = Debug|Any CPU
		{55812946-6E06-45DC-A294-B99E7D065620}.Release|Any CPU.ActiveCfg = Release|Any CPU
		{55812946-6E06-45DC-A294-B99E7D065620}.Release|Any CPU.Build.0 = Release|Any CPU
		{BF694DB1-E6E4-4981-BDBE-08EC4B28726B}.Debug|Any CPU.ActiveCfg = Debug|Any CPU
		{BF694DB1-E6E4-4981-BDBE-08EC4B28726B}.Debug|Any CPU.Build.0 = Debug|Any CPU
		{BF694DB1-E6E4-4981-BDBE-08EC4B28726B}.Release|Any CPU.ActiveCfg = Release|Any CPU
		{BF694DB1-E6E4-4981-BDBE-08EC4B28726B}.Release|Any CPU.Build.0 = Release|Any CPU
		{FE20C7D7-E59B-4BBA-BB36-5B8A4F5C6A4E}.Debug|Any CPU.ActiveCfg = Debug|Any CPU
		{FE20C7D7-E59B-4BBA-BB36-5B8A4F5C6A4E}.Debug|Any CPU.Build.0 = Debug|Any CPU
		{FE20C7D7-E59B-4BBA-BB36-5B8A4F5C6A4E}.Release|Any CPU.ActiveCfg = Release|Any CPU
		{FE20C7D7-E59B-4BBA-BB36-5B8A4F5C6A4E}.Release|Any CPU.Build.0 = Release|Any CPU
	EndGlobalSection
	GlobalSection(SolutionProperties) = preSolution
		HideSolutionNode = FALSE
	EndGlobalSection
	GlobalSection(NestedProjects) = preSolution
		{D500EDDF-681C-4A62-9A98-058DF526BF89} = {335017ED-9C22-4379-97F3-62D8FD85E23D}
		{BAB75749-7DEB-487D-B3A0-C2A06FF83853} = {0587B9D7-6277-4CD1-8F5D-34D8575334FE}
		{D9D5EEDE-BBB6-4690-B5B5-334F924EC808} = {335017ED-9C22-4379-97F3-62D8FD85E23D}
		{AE29D114-58A8-4050-A7C9-BFB204439BC1} = {335017ED-9C22-4379-97F3-62D8FD85E23D}
		{475C479D-0D5F-47EF-B762-63A7E91001D8} = {335017ED-9C22-4379-97F3-62D8FD85E23D}
		{52EE51F5-0338-4293-92F1-D58FDC8EE08C} = {53829F90-758F-4898-8982-F00B9B686A0A}
		{FEFA9963-4002-4BF8-A0DA-EEB919B68939} = {0587B9D7-6277-4CD1-8F5D-34D8575334FE}
		{2E260CD7-1527-4365-80A9-0B29827F2857} = {53829F90-758F-4898-8982-F00B9B686A0A}
		{55812946-6E06-45DC-A294-B99E7D065620} = {335017ED-9C22-4379-97F3-62D8FD85E23D}
		{BF694DB1-E6E4-4981-BDBE-08EC4B28726B} = {53829F90-758F-4898-8982-F00B9B686A0A}
		{FE20C7D7-E59B-4BBA-BB36-5B8A4F5C6A4E} = {335017ED-9C22-4379-97F3-62D8FD85E23D}
	EndGlobalSection
	GlobalSection(ExtensibilityGlobals) = postSolution
		SolutionGuid = {62867138-CE21-4D7D-ADFB-0106ADB7C432}
	EndGlobalSection
EndGlobal
